// !$*UTF8*$!
{
	archiveVersion = 1;
	classes = {
	};
	objectVersion = 46;
	objects = {

/* Begin PBXBuildFile section */
		D398EC661937E30300D3C5DF /* wolf.c in Sources */ = {isa = PBXBuildFile; fileRef = D398EC651937E30300D3C5DF /* wolf.c */; };
/* End PBXBuildFile section */

/* Begin PBXCopyFilesBuildPhase section */
		D3FDE8931937E1E3002B5351 /* CopyFiles */ = {
			isa = PBXCopyFilesBuildPhase;
			buildActionMask = 2147483647;
			dstPath = /usr/share/man/man1/;
			dstSubfolderSpec = 0;
			files = (
			);
			runOnlyForDeploymentPostprocessing = 1;
		};
/* End PBXCopyFilesBuildPhase section */

/* Begin PBXFileReference section */
		D398EC651937E30300D3C5DF /* wolf.c */ = {isa = PBXFileReference; fileEncoding = 4; lastKnownFileType = sourcecode.c.c; path = wolf.c; sourceTree = "<group>"; };
		D3FDE8951937E1E3002B5351 /* WolF */ = {isa = PBXFileReference; explicitFileType = "compiled.mach-o.executable"; includeInIndex = 0; path = WolF; sourceTree = BUILT_PRODUCTS_DIR; };
/* End PBXFileReference section */

/* Begin PBXFrameworksBuildPhase section */
		D3FDE8921937E1E3002B5351 /* Frameworks */ = {
			isa = PBXFrameworksBuildPhase;
			buildActionMask = 2147483647;
			files = (
			);
			runOnlyForDeploymentPostprocessing = 0;
		};
/* End PBXFrameworksBuildPhase section */

/* Begin PBXGroup section */
		D3FDE88C1937E1E3002B5351 = {
			isa = PBXGroup;
			children = (
				D398EC651937E30300D3C5DF /* wolf.c */,
				D3FDE8961937E1E3002B5351 /* Products */,
			);
			sourceTree = "<group>";
		};
		D3FDE8961937E1E3002B5351 /* Products */ = {
			isa = PBXGroup;
			children = (
				D3FDE8951937E1E3002B5351 /* WolF */,
			);
			name = Products;
			sourceTree = "<group>";
		};
/* End PBXGroup section */

/* Begin PBXNativeTarget section */
		D3FDE8941937E1E3002B5351 /* WolF */ = {
			isa = PBXNativeTarget;
			buildConfigurationList = D3FDE89E1937E1E3002B5351 /* Build configuration list for PBXNativeTarget "WolF" */;
			buildPhases = (
				D3FDE8911937E1E3002B5351 /* Sources */,
				D3FDE8921937E1E3002B5351 /* Frameworks */,
				D3FDE8931937E1E3002B5351 /* CopyFiles */,
			);
			buildRules = (
			);
			dependencies = (
			);
			name = WolF;
			productName = WolF;
			productReference = D3FDE8951937E1E3002B5351 /* WolF */;
			productType = "com.apple.product-type.tool";
		};
/* End PBXNativeTarget section */

/* Begin PBXProject section */
		D3FDE88D1937E1E3002B5351 /* Project object */ = {
			isa = PBXProject;
			attributes = {
				LastUpgradeCheck = 0510;
				ORGANIZATIONNAME = Depicus;
			};
			buildConfigurationList = D3FDE8901937E1E3002B5351 /* Build configuration list for PBXProject "WolF" */;
			compatibilityVersion = "Xcode 3.2";
			developmentRegion = English;
			hasScannedForEncodings = 0;
			knownRegions = (
				en,
			);
			mainGroup = D3FDE88C1937E1E3002B5351;
			productRefGroup = D3FDE8961937E1E3002B5351 /* Products */;
			projectDirPath = "";
			projectRoot = "";
			targets = (
				D3FDE8941937E1E3002B5351 /* WolF */,
			);
		};
/* End PBXProject section */

/* Begin PBXSourcesBuildPhase section */
		D3FDE8911937E1E3002B5351 /* Sources */ = {
			isa = PBXSourcesBuildPhase;
			buildActionMask = 2147483647;
			files = (
				D398EC661937E30300D3C5DF /* wolf.c in Sources */,
			);
			runOnlyForDeploymentPostprocessing = 0;
		};
/* End PBXSourcesBuildPhase section */

/* Begin XCBuildConfiguration section */
		D3FDE89C1937E1E3002B5351 /* Debug */ = {
			isa = XCBuildConfiguration;
			buildSettings = {
				ALWAYS_SEARCH_USER_PATHS = NO;
				CLANG_CXX_LANGUAGE_STANDARD = "gnu++0x";
				CLANG_CXX_LIBRARY = "libc++";
				CLANG_ENABLE_MODULES = YES;
				CLANG_ENABLE_OBJC_ARC = YES;
				CLANG_WARN_BOOL_CONVERSION = YES;
				CLANG_WARN_CONSTANT_CONVERSION = YES;
				CLANG_WARN_DIRECT_OBJC_ISA_USAGE = YES_ERROR;
				CLANG_WARN_EMPTY_BODY = YES;
				CLANG_WARN_ENUM_CONVERSION = YES;
				CLANG_WARN_INT_CONVERSION = YES;
				CLANG_WARN_OBJC_ROOT_CLASS = YES_ERROR;
				CLANG_WARN__DUPLICATE_METHOD_MATCH = YES;
				COPY_PHASE_STRIP = NO;
				GCC_C_LANGUAGE_STANDARD = gnu99;
				GCC_DYNAMIC_NO_PIC = NO;
				GCC_ENABLE_OBJC_EXCEPTIONS = YES;
				GCC_OPTIMIZATION_LEVEL = 0;
				GCC_PREPROCESSOR_DEFINITIONS = (
					"DEBUG=1",
					"$(inherited)",
				);
				GCC_SYMBOLS_PRIVATE_EXTERN = NO;
				GCC_WARN_64_TO_32_BIT_CONVERSION = YES;
				GCC_WARN_ABOUT_RETURN_TYPE = YES_ERROR;
				GCC_WARN_UNDECLARED_SELECTOR = YES;
				GCC_WARN_UNINITIALIZED_AUTOS = YES_AGGRESSIVE;
				GCC_WARN_UNUSED_FUNCTION = YES;
				GCC_WARN_UNUSED_VARIABLE = YES;
				MACOSX_DEPLOYMENT_TARGET = 10.9;
				ONLY_ACTIVE_ARCH = YES;
				SDKROOT = macosx;
			};
			name = Debug;
		};
		D3FDE89D1937E1E3002B5351 /* Release */ = {
			isa = XCBuildConfiguration;
			buildSettings = {
				ALWAYS_SEARCH_USER_PATHS = NO;
				CLANG_CXX_LANGUAGE_STANDARD = "gnu++0x";
				CLANG_CXX_LIBRARY = "libc++";
				CLANG_ENABLE_MODULES = YES;
				CLANG_ENABLE_OBJC_ARC = YES;
				CLANG_WARN_BOOL_CONVERSION = YES;
				CLANG_WARN_CONSTANT_CONVERSION = YES;
				CLANG_WARN_DIRECT_OBJC_ISA_USAGE = YES_ERROR;
				CLANG_WARN_EMPTY_BODY = YES;
				CLANG_WARN_ENUM_CONVERSION = YES;
				CLANG_WARN_INT_CONVERSION = YES;
				CLANG_WARN_OBJC_ROOT_CLASS = YES_ERROR;
				CLANG_WARN__DUPLICATE_METHOD_MATCH = YES;
				COPY_PHASE_STRIP = YES;
				DEBUG_INFORMATION_FORMAT = "dwarf-with-dsym";
				ENABLE_NS_ASSERTIONS = NO;
				GCC_C_LANGUAGE_STANDARD = gnu99;
				GCC_ENABLE_OBJC_EXCEPTIONS = YES;
				GCC_WARN_64_TO_32_BIT_CONVERSION = YES;
				GCC_WARN_ABOUT_RETURN_TYPE = YES_ERROR;
				GCC_WARN_UNDECLARED_SELECTOR = YES;
				GCC_WARN_UNINITIALIZED_AUTOS = YES_AGGRESSIVE;
				GCC_WARN_UNUSED_FUNCTION = YES;
				GCC_WARN_UNUSED_VARIABLE = YES;
				MACOSX_DEPLOYMENT_TARGET = 10.9;
				SDKROOT = macosx;
			};
			name = Release;
		};
		D3FDE89F1937E1E3002B5351 /* Debug */ = {
			isa = XCBuildConfiguration;
			buildSettings = {
				PRODUCT_NAME = "$(TARGET_NAME)";
			};
			name = Debug;
		};
		D3FDE8A01937E1E3002B5351 /* Release */ = {
			isa = XCBuildConfiguration;
			buildSettings = {
				PRODUCT_NAME = "$(TARGET_NAME)";
			};
			name = Release;
		};
/* End XCBuildConfiguration section */

/* Begin XCConfigurationList section */
		D3FDE8901937E1E3002B5351 /* Build configuration list for PBXProject "WolF" */ = {
			isa = XCConfigurationList;
			buildConfigurations = (
				D3FDE89C1937E1E3002B5351 /* Debug */,
				D3FDE89D1937E1E3002B5351 /* Release */,
			);
			defaultConfigurationIsVisible = 0;
			defaultConfigurationName = Release;
		};
		D3FDE89E1937E1E3002B5351 /* Build configuration list for PBXNativeTarget "WolF" */ = {
			isa = XCConfigurationList;
			buildConfigurations = (
				D3FDE89F1937E1E3002B5351 /* Debug */,
				D3FDE8A01937E1E3002B5351 /* Release */,
			);
			defaultConfigurationIsVisible = 0;
			defaultConfigurationName = Release;
		};
/* End XCConfigurationList section */
	};
	rootObject = D3FDE88D1937E1E3002B5351 /* Project object */;
}
